
Microsoft Visual Studio Solution File, Format Version 12.00
Project("{FAE04EC0-301F-11D3-BF4B-00C04F79EFBC}") = "1048_SalaryIncrease", "1048_SalaryIncrease.csproj", "{92A3EAAC-94E3-4CEC-BF4A-D96166A41A80}"
EndProject
Global
	GlobalSection(SolutionConfigurationPlatforms) = preSolution
		Debug|Any CPU = Debug|Any CPU
		Release|Any CPU = Release|Any CPU
	EndGlobalSection
	GlobalSection(ProjectConfigurationPlatforms) = postSolution
		{92A3EAAC-94E3-4CEC-BF4A-D96166A41A80}.Debug|Any CPU.ActiveCfg = Debug|Any CPU
		{92A3EAAC-94E3-4CEC-BF4A-D96166A41A80}.Debug|Any CPU.Build.0 = Debug|Any CPU
		{92A3EAAC-94E3-4CEC-BF4A-D96166A41A80}.Release|Any CPU.ActiveCfg = Release|Any CPU
		{92A3EAAC-94E3-4CEC-BF4A-D96166A41A80}.Release|Any CPU.Build.0 = Release|Any CPU
	EndGlobalSection
EndGlobal
