
Microsoft Visual Studio Solution File, Format Version 12.00
Project("{FAE04EC0-301F-11D3-BF4B-00C04F79EFBC}") = "1159_SumOfConsecutiveEvenNumbers", "1159_SumOfConsecutiveEvenNumbers.csproj", "{89EB17A7-F8CF-45C9-B42E-159C1261E76C}"
EndProject
Global
	GlobalSection(SolutionConfigurationPlatforms) = preSolution
		Debug|Any CPU = Debug|Any CPU
		Release|Any CPU = Release|Any CPU
	EndGlobalSection
	GlobalSection(ProjectConfigurationPlatforms) = postSolution
		{89EB17A7-F8CF-45C9-B42E-159C1261E76C}.Debug|Any CPU.ActiveCfg = Debug|Any CPU
		{89EB17A7-F8CF-45C9-B42E-159C1261E76C}.Debug|Any CPU.Build.0 = Debug|Any CPU
		{89EB17A7-F8CF-45C9-B42E-159C1261E76C}.Release|Any CPU.ActiveCfg = Release|Any CPU
		{89EB17A7-F8CF-45C9-B42E-159C1261E76C}.Release|Any CPU.Build.0 = Release|Any CPU
	EndGlobalSection
EndGlobal
