
Microsoft Visual Studio Solution File, Format Version 12.00
Project("{FAE04EC0-301F-11D3-BF4B-00C04F79EFBC}") = "1478_SquareMatrixII", "1478_SquareMatrixII.csproj", "{5A7F3759-90E7-4DFF-B305-DB14A1B635A8}"
EndProject
Global
	GlobalSection(SolutionConfigurationPlatforms) = preSolution
		Debug|Any CPU = Debug|Any CPU
		Release|Any CPU = Release|Any CPU
	EndGlobalSection
	GlobalSection(ProjectConfigurationPlatforms) = postSolution
		{5A7F3759-90E7-4DFF-B305-DB14A1B635A8}.Debug|Any CPU.ActiveCfg = Debug|Any CPU
		{5A7F3759-90E7-4DFF-B305-DB14A1B635A8}.Debug|Any CPU.Build.0 = Debug|Any CPU
		{5A7F3759-90E7-4DFF-B305-DB14A1B635A8}.Release|Any CPU.ActiveCfg = Release|Any CPU
		{5A7F3759-90E7-4DFF-B305-DB14A1B635A8}.Release|Any CPU.Build.0 = Release|Any CPU
	EndGlobalSection
EndGlobal
