
Microsoft Visual Studio Solution File, Format Version 12.00
Project("{FAE04EC0-301F-11D3-BF4B-00C04F79EFBC}") = "2510_Batmain", "2510_Batmain.csproj", "{7DCBAFB5-E38A-4CC0-88C5-BF339F7729FC}"
EndProject
Global
	GlobalSection(SolutionConfigurationPlatforms) = preSolution
		Debug|Any CPU = Debug|Any CPU
		Release|Any CPU = Release|Any CPU
	EndGlobalSection
	GlobalSection(ProjectConfigurationPlatforms) = postSolution
		{7DCBAFB5-E38A-4CC0-88C5-BF339F7729FC}.Debug|Any CPU.ActiveCfg = Debug|Any CPU
		{7DCBAFB5-E38A-4CC0-88C5-BF339F7729FC}.Debug|Any CPU.Build.0 = Debug|Any CPU
		{7DCBAFB5-E38A-4CC0-88C5-BF339F7729FC}.Release|Any CPU.ActiveCfg = Release|Any CPU
		{7DCBAFB5-E38A-4CC0-88C5-BF339F7729FC}.Release|Any CPU.Build.0 = Release|Any CPU
	EndGlobalSection
EndGlobal
