
Microsoft Visual Studio Solution File, Format Version 12.00
Project("{FAE04EC0-301F-11D3-BF4B-00C04F79EFBC}") = "1145_LogicalSequence2", "1145_LogicalSequence2.csproj", "{3A281ECF-AFE5-4A67-9956-E6B84200A8F2}"
EndProject
Global
	GlobalSection(SolutionConfigurationPlatforms) = preSolution
		Debug|Any CPU = Debug|Any CPU
		Release|Any CPU = Release|Any CPU
	EndGlobalSection
	GlobalSection(ProjectConfigurationPlatforms) = postSolution
		{3A281ECF-AFE5-4A67-9956-E6B84200A8F2}.Debug|Any CPU.ActiveCfg = Debug|Any CPU
		{3A281ECF-AFE5-4A67-9956-E6B84200A8F2}.Debug|Any CPU.Build.0 = Debug|Any CPU
		{3A281ECF-AFE5-4A67-9956-E6B84200A8F2}.Release|Any CPU.ActiveCfg = Release|Any CPU
		{3A281ECF-AFE5-4A67-9956-E6B84200A8F2}.Release|Any CPU.Build.0 = Release|Any CPU
	EndGlobalSection
EndGlobal
