
Microsoft Visual Studio Solution File, Format Version 12.00
Project("{FAE04EC0-301F-11D3-BF4B-00C04F79EFBC}") = "1865_Mjölnir", "1865_Mjölnir.csproj", "{BDB07D8D-EBA4-487C-972E-AF983B09A257}"
EndProject
Global
	GlobalSection(SolutionConfigurationPlatforms) = preSolution
		Debug|Any CPU = Debug|Any CPU
		Release|Any CPU = Release|Any CPU
	EndGlobalSection
	GlobalSection(ProjectConfigurationPlatforms) = postSolution
		{BDB07D8D-EBA4-487C-972E-AF983B09A257}.Debug|Any CPU.ActiveCfg = Debug|Any CPU
		{BDB07D8D-EBA4-487C-972E-AF983B09A257}.Debug|Any CPU.Build.0 = Debug|Any CPU
		{BDB07D8D-EBA4-487C-972E-AF983B09A257}.Release|Any CPU.ActiveCfg = Release|Any CPU
		{BDB07D8D-EBA4-487C-972E-AF983B09A257}.Release|Any CPU.Build.0 = Release|Any CPU
	EndGlobalSection
EndGlobal
