
Microsoft Visual Studio Solution File, Format Version 12.00
Project("{FAE04EC0-301F-11D3-BF4B-00C04F79EFBC}") = "1117_ScoreValidation", "1117_ScoreValidation.csproj", "{2AD3C615-42BE-4CB8-8053-225410A0DA2D}"
EndProject
Global
	GlobalSection(SolutionConfigurationPlatforms) = preSolution
		Debug|Any CPU = Debug|Any CPU
		Release|Any CPU = Release|Any CPU
	EndGlobalSection
	GlobalSection(ProjectConfigurationPlatforms) = postSolution
		{2AD3C615-42BE-4CB8-8053-225410A0DA2D}.Debug|Any CPU.ActiveCfg = Debug|Any CPU
		{2AD3C615-42BE-4CB8-8053-225410A0DA2D}.Debug|Any CPU.Build.0 = Debug|Any CPU
		{2AD3C615-42BE-4CB8-8053-225410A0DA2D}.Release|Any CPU.ActiveCfg = Release|Any CPU
		{2AD3C615-42BE-4CB8-8053-225410A0DA2D}.Release|Any CPU.Build.0 = Release|Any CPU
	EndGlobalSection
EndGlobal
