
Microsoft Visual Studio Solution File, Format Version 12.00
Project("{FAE04EC0-301F-11D3-BF4B-00C04F79EFBC}") = "2172_Event", "2172_Event.csproj", "{5BB0EC0C-BFDE-4515-98D4-2BCCBD9B816F}"
EndProject
Global
	GlobalSection(SolutionConfigurationPlatforms) = preSolution
		Debug|Any CPU = Debug|Any CPU
		Release|Any CPU = Release|Any CPU
	EndGlobalSection
	GlobalSection(ProjectConfigurationPlatforms) = postSolution
		{5BB0EC0C-BFDE-4515-98D4-2BCCBD9B816F}.Debug|Any CPU.ActiveCfg = Debug|Any CPU
		{5BB0EC0C-BFDE-4515-98D4-2BCCBD9B816F}.Debug|Any CPU.Build.0 = Debug|Any CPU
		{5BB0EC0C-BFDE-4515-98D4-2BCCBD9B816F}.Release|Any CPU.ActiveCfg = Release|Any CPU
		{5BB0EC0C-BFDE-4515-98D4-2BCCBD9B816F}.Release|Any CPU.Build.0 = Release|Any CPU
	EndGlobalSection
EndGlobal
