
Microsoft Visual Studio Solution File, Format Version 12.00
Project("{FAE04EC0-301F-11D3-BF4B-00C04F79EFBC}") = "1114_FixedPassword", "1114_FixedPassword.csproj", "{4EA25F12-19F1-4632-BFBC-B14FA42DF5AB}"
EndProject
Global
	GlobalSection(SolutionConfigurationPlatforms) = preSolution
		Debug|Any CPU = Debug|Any CPU
		Release|Any CPU = Release|Any CPU
	EndGlobalSection
	GlobalSection(ProjectConfigurationPlatforms) = postSolution
		{4EA25F12-19F1-4632-BFBC-B14FA42DF5AB}.Debug|Any CPU.ActiveCfg = Debug|Any CPU
		{4EA25F12-19F1-4632-BFBC-B14FA42DF5AB}.Debug|Any CPU.Build.0 = Debug|Any CPU
		{4EA25F12-19F1-4632-BFBC-B14FA42DF5AB}.Release|Any CPU.ActiveCfg = Release|Any CPU
		{4EA25F12-19F1-4632-BFBC-B14FA42DF5AB}.Release|Any CPU.Build.0 = Release|Any CPU
	EndGlobalSection
EndGlobal
