
Microsoft Visual Studio Solution File, Format Version 12.00
Project("{FAE04EC0-301F-11D3-BF4B-00C04F79EFBC}") = "2653_Dijkstra", "2653_Dijkstra.csproj", "{D15CB4B3-1EA9-4890-B13A-E72B2B9A0C03}"
EndProject
Global
	GlobalSection(SolutionConfigurationPlatforms) = preSolution
		Debug|Any CPU = Debug|Any CPU
		Release|Any CPU = Release|Any CPU
	EndGlobalSection
	GlobalSection(ProjectConfigurationPlatforms) = postSolution
		{D15CB4B3-1EA9-4890-B13A-E72B2B9A0C03}.Debug|Any CPU.ActiveCfg = Debug|Any CPU
		{D15CB4B3-1EA9-4890-B13A-E72B2B9A0C03}.Debug|Any CPU.Build.0 = Debug|Any CPU
		{D15CB4B3-1EA9-4890-B13A-E72B2B9A0C03}.Release|Any CPU.ActiveCfg = Release|Any CPU
		{D15CB4B3-1EA9-4890-B13A-E72B2B9A0C03}.Release|Any CPU.Build.0 = Release|Any CPU
	EndGlobalSection
EndGlobal
