
Microsoft Visual Studio Solution File, Format Version 12.00
Project("{FAE04EC0-301F-11D3-BF4B-00C04F79EFBC}") = "1827_SquareArrayIV", "1827_SquareArrayIV.csproj", "{63CBEC40-7BE8-4136-85F7-EE090E5BA26E}"
EndProject
Global
	GlobalSection(SolutionConfigurationPlatforms) = preSolution
		Debug|Any CPU = Debug|Any CPU
		Release|Any CPU = Release|Any CPU
	EndGlobalSection
	GlobalSection(ProjectConfigurationPlatforms) = postSolution
		{63CBEC40-7BE8-4136-85F7-EE090E5BA26E}.Debug|Any CPU.ActiveCfg = Debug|Any CPU
		{63CBEC40-7BE8-4136-85F7-EE090E5BA26E}.Debug|Any CPU.Build.0 = Debug|Any CPU
		{63CBEC40-7BE8-4136-85F7-EE090E5BA26E}.Release|Any CPU.ActiveCfg = Release|Any CPU
		{63CBEC40-7BE8-4136-85F7-EE090E5BA26E}.Release|Any CPU.Build.0 = Release|Any CPU
	EndGlobalSection
EndGlobal
