
Microsoft Visual Studio Solution File, Format Version 12.00
Project("{FAE04EC0-301F-11D3-BF4B-00C04F79EFBC}") = "2028_SequenceOfSequence", "2028_SequenceOfSequence.csproj", "{3550E37F-79A4-4C83-8C29-4EC3F9B64A8B}"
EndProject
Global
	GlobalSection(SolutionConfigurationPlatforms) = preSolution
		Debug|Any CPU = Debug|Any CPU
		Release|Any CPU = Release|Any CPU
	EndGlobalSection
	GlobalSection(ProjectConfigurationPlatforms) = postSolution
		{3550E37F-79A4-4C83-8C29-4EC3F9B64A8B}.Debug|Any CPU.ActiveCfg = Debug|Any CPU
		{3550E37F-79A4-4C83-8C29-4EC3F9B64A8B}.Debug|Any CPU.Build.0 = Debug|Any CPU
		{3550E37F-79A4-4C83-8C29-4EC3F9B64A8B}.Release|Any CPU.ActiveCfg = Release|Any CPU
		{3550E37F-79A4-4C83-8C29-4EC3F9B64A8B}.Release|Any CPU.Build.0 = Release|Any CPU
	EndGlobalSection
EndGlobal
