
Microsoft Visual Studio Solution File, Format Version 12.00
Project("{FAE04EC0-301F-11D3-BF4B-00C04F79EFBC}") = "1013_TheGreatest", "1013_TheGreatest.csproj", "{FC791076-1CBB-4EC8-A322-F183CB94DCF9}"
EndProject
Global
	GlobalSection(SolutionConfigurationPlatforms) = preSolution
		Debug|Any CPU = Debug|Any CPU
		Release|Any CPU = Release|Any CPU
	EndGlobalSection
	GlobalSection(ProjectConfigurationPlatforms) = postSolution
		{FC791076-1CBB-4EC8-A322-F183CB94DCF9}.Debug|Any CPU.ActiveCfg = Debug|Any CPU
		{FC791076-1CBB-4EC8-A322-F183CB94DCF9}.Debug|Any CPU.Build.0 = Debug|Any CPU
		{FC791076-1CBB-4EC8-A322-F183CB94DCF9}.Release|Any CPU.ActiveCfg = Release|Any CPU
		{FC791076-1CBB-4EC8-A322-F183CB94DCF9}.Release|Any CPU.Build.0 = Release|Any CPU
	EndGlobalSection
EndGlobal
