
Microsoft Visual Studio Solution File, Format Version 12.00
Project("{FAE04EC0-301F-11D3-BF4B-00C04F79EFBC}") = "2221_PomekonsBattle", "2221_PomekonsBattle.csproj", "{00FF62BB-4C54-4A11-A260-52E72EEDE09C}"
EndProject
Global
	GlobalSection(SolutionConfigurationPlatforms) = preSolution
		Debug|Any CPU = Debug|Any CPU
		Release|Any CPU = Release|Any CPU
	EndGlobalSection
	GlobalSection(ProjectConfigurationPlatforms) = postSolution
		{00FF62BB-4C54-4A11-A260-52E72EEDE09C}.Debug|Any CPU.ActiveCfg = Debug|Any CPU
		{00FF62BB-4C54-4A11-A260-52E72EEDE09C}.Debug|Any CPU.Build.0 = Debug|Any CPU
		{00FF62BB-4C54-4A11-A260-52E72EEDE09C}.Release|Any CPU.ActiveCfg = Release|Any CPU
		{00FF62BB-4C54-4A11-A260-52E72EEDE09C}.Release|Any CPU.Build.0 = Release|Any CPU
	EndGlobalSection
EndGlobal
