
Microsoft Visual Studio Solution File, Format Version 12.00
Project("{FAE04EC0-301F-11D3-BF4B-00C04F79EFBC}") = "1079_WeightedAverages", "1079_WeightedAverages.csproj", "{166CF300-9533-4B4F-8C48-D8825345DEB8}"
EndProject
Global
	GlobalSection(SolutionConfigurationPlatforms) = preSolution
		Debug|Any CPU = Debug|Any CPU
		Release|Any CPU = Release|Any CPU
	EndGlobalSection
	GlobalSection(ProjectConfigurationPlatforms) = postSolution
		{166CF300-9533-4B4F-8C48-D8825345DEB8}.Debug|Any CPU.ActiveCfg = Debug|Any CPU
		{166CF300-9533-4B4F-8C48-D8825345DEB8}.Debug|Any CPU.Build.0 = Debug|Any CPU
		{166CF300-9533-4B4F-8C48-D8825345DEB8}.Release|Any CPU.ActiveCfg = Release|Any CPU
		{166CF300-9533-4B4F-8C48-D8825345DEB8}.Release|Any CPU.Build.0 = Release|Any CPU
	EndGlobalSection
EndGlobal
