
Microsoft Visual Studio Solution File, Format Version 12.00
Project("{FAE04EC0-301F-11D3-BF4B-00C04F79EFBC}") = "1115_Quadrant", "1115_Quadrant.csproj", "{93B4CEF8-1441-4D23-AF6D-6EE0F1D496DE}"
EndProject
Global
	GlobalSection(SolutionConfigurationPlatforms) = preSolution
		Debug|Any CPU = Debug|Any CPU
		Release|Any CPU = Release|Any CPU
	EndGlobalSection
	GlobalSection(ProjectConfigurationPlatforms) = postSolution
		{93B4CEF8-1441-4D23-AF6D-6EE0F1D496DE}.Debug|Any CPU.ActiveCfg = Debug|Any CPU
		{93B4CEF8-1441-4D23-AF6D-6EE0F1D496DE}.Debug|Any CPU.Build.0 = Debug|Any CPU
		{93B4CEF8-1441-4D23-AF6D-6EE0F1D496DE}.Release|Any CPU.ActiveCfg = Release|Any CPU
		{93B4CEF8-1441-4D23-AF6D-6EE0F1D496DE}.Release|Any CPU.Build.0 = Release|Any CPU
	EndGlobalSection
EndGlobal
