
Microsoft Visual Studio Solution File, Format Version 12.00
Project("{FAE04EC0-301F-11D3-BF4B-00C04F79EFBC}") = "2160_NameAtForm", "2160_NameAtForm.csproj", "{8BBE9627-88D9-4C0C-ADAB-8B1209946FB3}"
EndProject
Global
	GlobalSection(SolutionConfigurationPlatforms) = preSolution
		Debug|Any CPU = Debug|Any CPU
		Release|Any CPU = Release|Any CPU
	EndGlobalSection
	GlobalSection(ProjectConfigurationPlatforms) = postSolution
		{8BBE9627-88D9-4C0C-ADAB-8B1209946FB3}.Debug|Any CPU.ActiveCfg = Debug|Any CPU
		{8BBE9627-88D9-4C0C-ADAB-8B1209946FB3}.Debug|Any CPU.Build.0 = Debug|Any CPU
		{8BBE9627-88D9-4C0C-ADAB-8B1209946FB3}.Release|Any CPU.ActiveCfg = Release|Any CPU
		{8BBE9627-88D9-4C0C-ADAB-8B1209946FB3}.Release|Any CPU.Build.0 = Release|Any CPU
	EndGlobalSection
EndGlobal
