
Microsoft Visual Studio Solution File, Format Version 12.00
Project("{FAE04EC0-301F-11D3-BF4B-00C04F79EFBC}") = "1065_EvenBetweenFiveNumbers", "1065_EvenBetweenFiveNumbers.csproj", "{9E93BB31-1AF1-4C72-9FF2-1CF851D15EAA}"
EndProject
Global
	GlobalSection(SolutionConfigurationPlatforms) = preSolution
		Debug|Any CPU = Debug|Any CPU
		Release|Any CPU = Release|Any CPU
	EndGlobalSection
	GlobalSection(ProjectConfigurationPlatforms) = postSolution
		{9E93BB31-1AF1-4C72-9FF2-1CF851D15EAA}.Debug|Any CPU.ActiveCfg = Debug|Any CPU
		{9E93BB31-1AF1-4C72-9FF2-1CF851D15EAA}.Debug|Any CPU.Build.0 = Debug|Any CPU
		{9E93BB31-1AF1-4C72-9FF2-1CF851D15EAA}.Release|Any CPU.ActiveCfg = Release|Any CPU
		{9E93BB31-1AF1-4C72-9FF2-1CF851D15EAA}.Release|Any CPU.Build.0 = Release|Any CPU
	EndGlobalSection
EndGlobal
