
Microsoft Visual Studio Solution File, Format Version 12.00
Project("{FAE04EC0-301F-11D3-BF4B-00C04F79EFBC}") = "2313_WhichTriangle", "2313_WhichTriangle.csproj", "{EB3831B6-590F-482C-A30A-DE69C94D93B4}"
EndProject
Global
	GlobalSection(SolutionConfigurationPlatforms) = preSolution
		Debug|Any CPU = Debug|Any CPU
		Release|Any CPU = Release|Any CPU
	EndGlobalSection
	GlobalSection(ProjectConfigurationPlatforms) = postSolution
		{EB3831B6-590F-482C-A30A-DE69C94D93B4}.Debug|Any CPU.ActiveCfg = Debug|Any CPU
		{EB3831B6-590F-482C-A30A-DE69C94D93B4}.Debug|Any CPU.Build.0 = Debug|Any CPU
		{EB3831B6-590F-482C-A30A-DE69C94D93B4}.Release|Any CPU.ActiveCfg = Release|Any CPU
		{EB3831B6-590F-482C-A30A-DE69C94D93B4}.Release|Any CPU.Build.0 = Release|Any CPU
	EndGlobalSection
EndGlobal
