
Microsoft Visual Studio Solution File, Format Version 12.00
Project("{FAE04EC0-301F-11D3-BF4B-00C04F79EFBC}") = "1113_AscendingAndDescending", "1113_AscendingAndDescending.csproj", "{052661AA-D9A7-4F7E-8594-D1E60E468CCF}"
EndProject
Global
	GlobalSection(SolutionConfigurationPlatforms) = preSolution
		Debug|Any CPU = Debug|Any CPU
		Release|Any CPU = Release|Any CPU
	EndGlobalSection
	GlobalSection(ProjectConfigurationPlatforms) = postSolution
		{052661AA-D9A7-4F7E-8594-D1E60E468CCF}.Debug|Any CPU.ActiveCfg = Debug|Any CPU
		{052661AA-D9A7-4F7E-8594-D1E60E468CCF}.Debug|Any CPU.Build.0 = Debug|Any CPU
		{052661AA-D9A7-4F7E-8594-D1E60E468CCF}.Release|Any CPU.ActiveCfg = Release|Any CPU
		{052661AA-D9A7-4F7E-8594-D1E60E468CCF}.Release|Any CPU.Build.0 = Release|Any CPU
	EndGlobalSection
EndGlobal
