
Microsoft Visual Studio Solution File, Format Version 12.00
Project("{FAE04EC0-301F-11D3-BF4B-00C04F79EFBC}") = "1004_SimpleProduct", "1004_SimpleProduct.csproj", "{C5AAB803-C557-42E7-9FDB-30D52C8AD518}"
EndProject
Global
	GlobalSection(SolutionConfigurationPlatforms) = preSolution
		Debug|Any CPU = Debug|Any CPU
		Release|Any CPU = Release|Any CPU
	EndGlobalSection
	GlobalSection(ProjectConfigurationPlatforms) = postSolution
		{C5AAB803-C557-42E7-9FDB-30D52C8AD518}.Debug|Any CPU.ActiveCfg = Debug|Any CPU
		{C5AAB803-C557-42E7-9FDB-30D52C8AD518}.Debug|Any CPU.Build.0 = Debug|Any CPU
		{C5AAB803-C557-42E7-9FDB-30D52C8AD518}.Release|Any CPU.ActiveCfg = Release|Any CPU
		{C5AAB803-C557-42E7-9FDB-30D52C8AD518}.Release|Any CPU.Build.0 = Release|Any CPU
	EndGlobalSection
EndGlobal
