
Microsoft Visual Studio Solution File, Format Version 12.00
Project("{FAE04EC0-301F-11D3-BF4B-00C04F79EFBC}") = "1182_ColumnInArray", "1182_ColumnInArray.csproj", "{FAC5FE5A-CE2D-49D8-869C-0AB525A45680}"
EndProject
Global
	GlobalSection(SolutionConfigurationPlatforms) = preSolution
		Debug|Any CPU = Debug|Any CPU
		Release|Any CPU = Release|Any CPU
	EndGlobalSection
	GlobalSection(ProjectConfigurationPlatforms) = postSolution
		{FAC5FE5A-CE2D-49D8-869C-0AB525A45680}.Debug|Any CPU.ActiveCfg = Debug|Any CPU
		{FAC5FE5A-CE2D-49D8-869C-0AB525A45680}.Debug|Any CPU.Build.0 = Debug|Any CPU
		{FAC5FE5A-CE2D-49D8-869C-0AB525A45680}.Release|Any CPU.ActiveCfg = Release|Any CPU
		{FAC5FE5A-CE2D-49D8-869C-0AB525A45680}.Release|Any CPU.Build.0 = Release|Any CPU
	EndGlobalSection
EndGlobal
