
Microsoft Visual Studio Solution File, Format Version 12.00
Project("{FAE04EC0-301F-11D3-BF4B-00C04F79EFBC}") = "1071_SumOfConsecutiveOddNumbersI", "1071_SumOfConsecutiveOddNumbersI.csproj", "{0C5FE42B-C690-4A70-855A-FB9F9B219236}"
EndProject
Global
	GlobalSection(SolutionConfigurationPlatforms) = preSolution
		Debug|Any CPU = Debug|Any CPU
		Release|Any CPU = Release|Any CPU
	EndGlobalSection
	GlobalSection(ProjectConfigurationPlatforms) = postSolution
		{0C5FE42B-C690-4A70-855A-FB9F9B219236}.Debug|Any CPU.ActiveCfg = Debug|Any CPU
		{0C5FE42B-C690-4A70-855A-FB9F9B219236}.Debug|Any CPU.Build.0 = Debug|Any CPU
		{0C5FE42B-C690-4A70-855A-FB9F9B219236}.Release|Any CPU.ActiveCfg = Release|Any CPU
		{0C5FE42B-C690-4A70-855A-FB9F9B219236}.Release|Any CPU.Build.0 = Release|Any CPU
	EndGlobalSection
EndGlobal
