
Microsoft Visual Studio Solution File, Format Version 12.00
Project("{FAE04EC0-301F-11D3-BF4B-00C04F79EFBC}") = "1185_AboveTheSecundaryDiagonal", "1185_AboveTheSecundaryDiagonal.csproj", "{8F863521-E139-4922-9C76-758AEA078671}"
EndProject
Global
	GlobalSection(SolutionConfigurationPlatforms) = preSolution
		Debug|Any CPU = Debug|Any CPU
		Release|Any CPU = Release|Any CPU
	EndGlobalSection
	GlobalSection(ProjectConfigurationPlatforms) = postSolution
		{8F863521-E139-4922-9C76-758AEA078671}.Debug|Any CPU.ActiveCfg = Debug|Any CPU
		{8F863521-E139-4922-9C76-758AEA078671}.Debug|Any CPU.Build.0 = Debug|Any CPU
		{8F863521-E139-4922-9C76-758AEA078671}.Release|Any CPU.ActiveCfg = Release|Any CPU
		{8F863521-E139-4922-9C76-758AEA078671}.Release|Any CPU.Build.0 = Release|Any CPU
	EndGlobalSection
EndGlobal
