
Microsoft Visual Studio Solution File, Format Version 12.00
Project("{FAE04EC0-301F-11D3-BF4B-00C04F79EFBC}") = "1158_SumOfConsecutiveOddNumbersIII", "1158_SumOfConsecutiveOddNumbersIII.csproj", "{C84B1889-DE74-45B6-9DC9-861A8F677A49}"
EndProject
Global
	GlobalSection(SolutionConfigurationPlatforms) = preSolution
		Debug|Any CPU = Debug|Any CPU
		Release|Any CPU = Release|Any CPU
	EndGlobalSection
	GlobalSection(ProjectConfigurationPlatforms) = postSolution
		{C84B1889-DE74-45B6-9DC9-861A8F677A49}.Debug|Any CPU.ActiveCfg = Debug|Any CPU
		{C84B1889-DE74-45B6-9DC9-861A8F677A49}.Debug|Any CPU.Build.0 = Debug|Any CPU
		{C84B1889-DE74-45B6-9DC9-861A8F677A49}.Release|Any CPU.ActiveCfg = Release|Any CPU
		{C84B1889-DE74-45B6-9DC9-861A8F677A49}.Release|Any CPU.Build.0 = Release|Any CPU
	EndGlobalSection
EndGlobal
