
Microsoft Visual Studio Solution File, Format Version 12.00
Project("{FAE04EC0-301F-11D3-BF4B-00C04F79EFBC}") = "1040_Average3", "1040_Average3.csproj", "{31245913-1C0D-4F88-B514-2338A416841C}"
EndProject
Global
	GlobalSection(SolutionConfigurationPlatforms) = preSolution
		Debug|Any CPU = Debug|Any CPU
		Release|Any CPU = Release|Any CPU
	EndGlobalSection
	GlobalSection(ProjectConfigurationPlatforms) = postSolution
		{31245913-1C0D-4F88-B514-2338A416841C}.Debug|Any CPU.ActiveCfg = Debug|Any CPU
		{31245913-1C0D-4F88-B514-2338A416841C}.Debug|Any CPU.Build.0 = Debug|Any CPU
		{31245913-1C0D-4F88-B514-2338A416841C}.Release|Any CPU.ActiveCfg = Release|Any CPU
		{31245913-1C0D-4F88-B514-2338A416841C}.Release|Any CPU.Build.0 = Release|Any CPU
	EndGlobalSection
EndGlobal
