
Microsoft Visual Studio Solution File, Format Version 12.00
Project("{FAE04EC0-301F-11D3-BF4B-00C04F79EFBC}") = "2159_ApproximateNumberOfPrimes", "2159_ApproximateNumberOfPrimes.csproj", "{86FC748F-9BD7-4A53-A8F8-24D83ED5E0A2}"
EndProject
Global
	GlobalSection(SolutionConfigurationPlatforms) = preSolution
		Debug|Any CPU = Debug|Any CPU
		Release|Any CPU = Release|Any CPU
	EndGlobalSection
	GlobalSection(ProjectConfigurationPlatforms) = postSolution
		{86FC748F-9BD7-4A53-A8F8-24D83ED5E0A2}.Debug|Any CPU.ActiveCfg = Debug|Any CPU
		{86FC748F-9BD7-4A53-A8F8-24D83ED5E0A2}.Debug|Any CPU.Build.0 = Debug|Any CPU
		{86FC748F-9BD7-4A53-A8F8-24D83ED5E0A2}.Release|Any CPU.ActiveCfg = Release|Any CPU
		{86FC748F-9BD7-4A53-A8F8-24D83ED5E0A2}.Release|Any CPU.Build.0 = Release|Any CPU
	EndGlobalSection
EndGlobal
