
Microsoft Visual Studio Solution File, Format Version 12.00
Project("{FAE04EC0-301F-11D3-BF4B-00C04F79EFBC}") = "1960_RomanNumeralsForPageNumbers", "1960_RomanNumeralsForPageNumbers.csproj", "{362208F1-F864-4662-B59A-66EDC4C6844B}"
EndProject
Global
	GlobalSection(SolutionConfigurationPlatforms) = preSolution
		Debug|Any CPU = Debug|Any CPU
		Release|Any CPU = Release|Any CPU
	EndGlobalSection
	GlobalSection(ProjectConfigurationPlatforms) = postSolution
		{362208F1-F864-4662-B59A-66EDC4C6844B}.Debug|Any CPU.ActiveCfg = Debug|Any CPU
		{362208F1-F864-4662-B59A-66EDC4C6844B}.Debug|Any CPU.Build.0 = Debug|Any CPU
		{362208F1-F864-4662-B59A-66EDC4C6844B}.Release|Any CPU.ActiveCfg = Release|Any CPU
		{362208F1-F864-4662-B59A-66EDC4C6844B}.Release|Any CPU.Build.0 = Release|Any CPU
	EndGlobalSection
EndGlobal
