
Microsoft Visual Studio Solution File, Format Version 12.00
Project("{FAE04EC0-301F-11D3-BF4B-00C04F79EFBC}") = "1131_Grenais", "1131_Grenais.csproj", "{BE0A1902-7FAB-4F9C-94F1-07E4E5BE2A34}"
EndProject
Global
	GlobalSection(SolutionConfigurationPlatforms) = preSolution
		Debug|Any CPU = Debug|Any CPU
		Release|Any CPU = Release|Any CPU
	EndGlobalSection
	GlobalSection(ProjectConfigurationPlatforms) = postSolution
		{BE0A1902-7FAB-4F9C-94F1-07E4E5BE2A34}.Debug|Any CPU.ActiveCfg = Debug|Any CPU
		{BE0A1902-7FAB-4F9C-94F1-07E4E5BE2A34}.Debug|Any CPU.Build.0 = Debug|Any CPU
		{BE0A1902-7FAB-4F9C-94F1-07E4E5BE2A34}.Release|Any CPU.ActiveCfg = Release|Any CPU
		{BE0A1902-7FAB-4F9C-94F1-07E4E5BE2A34}.Release|Any CPU.Build.0 = Release|Any CPU
	EndGlobalSection
EndGlobal
