
Microsoft Visual Studio Solution File, Format Version 12.00
Project("{FAE04EC0-301F-11D3-BF4B-00C04F79EFBC}") = "1534_Array123", "1534_Array123.csproj", "{B793E85F-5A0C-4BB7-A3EC-79BEE3824CFB}"
EndProject
Global
	GlobalSection(SolutionConfigurationPlatforms) = preSolution
		Debug|Any CPU = Debug|Any CPU
		Release|Any CPU = Release|Any CPU
	EndGlobalSection
	GlobalSection(ProjectConfigurationPlatforms) = postSolution
		{B793E85F-5A0C-4BB7-A3EC-79BEE3824CFB}.Debug|Any CPU.ActiveCfg = Debug|Any CPU
		{B793E85F-5A0C-4BB7-A3EC-79BEE3824CFB}.Debug|Any CPU.Build.0 = Debug|Any CPU
		{B793E85F-5A0C-4BB7-A3EC-79BEE3824CFB}.Release|Any CPU.ActiveCfg = Release|Any CPU
		{B793E85F-5A0C-4BB7-A3EC-79BEE3824CFB}.Release|Any CPU.Build.0 = Release|Any CPU
	EndGlobalSection
EndGlobal
