
Microsoft Visual Studio Solution File, Format Version 12.00
Project("{FAE04EC0-301F-11D3-BF4B-00C04F79EFBC}") = "1005_Average1", "1005_Average1.csproj", "{E3C7B2EF-6123-46B5-AE8B-3797005CF202}"
EndProject
Global
	GlobalSection(SolutionConfigurationPlatforms) = preSolution
		Debug|Any CPU = Debug|Any CPU
		Release|Any CPU = Release|Any CPU
	EndGlobalSection
	GlobalSection(ProjectConfigurationPlatforms) = postSolution
		{E3C7B2EF-6123-46B5-AE8B-3797005CF202}.Debug|Any CPU.ActiveCfg = Debug|Any CPU
		{E3C7B2EF-6123-46B5-AE8B-3797005CF202}.Debug|Any CPU.Build.0 = Debug|Any CPU
		{E3C7B2EF-6123-46B5-AE8B-3797005CF202}.Release|Any CPU.ActiveCfg = Release|Any CPU
		{E3C7B2EF-6123-46B5-AE8B-3797005CF202}.Release|Any CPU.Build.0 = Release|Any CPU
	EndGlobalSection
EndGlobal
