
Microsoft Visual Studio Solution File, Format Version 12.00
Project("{FAE04EC0-301F-11D3-BF4B-00C04F79EFBC}") = "1177_ArrayFillII", "1177_ArrayFillII.csproj", "{3AB0B85A-9DBB-4F42-BDDB-DFDBBFFE8061}"
EndProject
Global
	GlobalSection(SolutionConfigurationPlatforms) = preSolution
		Debug|Any CPU = Debug|Any CPU
		Release|Any CPU = Release|Any CPU
	EndGlobalSection
	GlobalSection(ProjectConfigurationPlatforms) = postSolution
		{3AB0B85A-9DBB-4F42-BDDB-DFDBBFFE8061}.Debug|Any CPU.ActiveCfg = Debug|Any CPU
		{3AB0B85A-9DBB-4F42-BDDB-DFDBBFFE8061}.Debug|Any CPU.Build.0 = Debug|Any CPU
		{3AB0B85A-9DBB-4F42-BDDB-DFDBBFFE8061}.Release|Any CPU.ActiveCfg = Release|Any CPU
		{3AB0B85A-9DBB-4F42-BDDB-DFDBBFFE8061}.Release|Any CPU.Build.0 = Release|Any CPU
	EndGlobalSection
EndGlobal
