
Microsoft Visual Studio Solution File, Format Version 12.00
Project("{FAE04EC0-301F-11D3-BF4B-00C04F79EFBC}") = "2140_TwoBills", "2140_TwoBills.csproj", "{3A0B5B3C-A937-4D38-AC6F-FD9BCC580F19}"
EndProject
Global
	GlobalSection(SolutionConfigurationPlatforms) = preSolution
		Debug|Any CPU = Debug|Any CPU
		Release|Any CPU = Release|Any CPU
	EndGlobalSection
	GlobalSection(ProjectConfigurationPlatforms) = postSolution
		{3A0B5B3C-A937-4D38-AC6F-FD9BCC580F19}.Debug|Any CPU.ActiveCfg = Debug|Any CPU
		{3A0B5B3C-A937-4D38-AC6F-FD9BCC580F19}.Debug|Any CPU.Build.0 = Debug|Any CPU
		{3A0B5B3C-A937-4D38-AC6F-FD9BCC580F19}.Release|Any CPU.ActiveCfg = Release|Any CPU
		{3A0B5B3C-A937-4D38-AC6F-FD9BCC580F19}.Release|Any CPU.Build.0 = Release|Any CPU
	EndGlobalSection
EndGlobal
