
Microsoft Visual Studio Solution File, Format Version 12.00
Project("{FAE04EC0-301F-11D3-BF4B-00C04F79EFBC}") = "2147_Galopeira", "2147_Galopeira.csproj", "{4BC532F1-4631-4079-9D28-B164E3B333E5}"
EndProject
Global
	GlobalSection(SolutionConfigurationPlatforms) = preSolution
		Debug|Any CPU = Debug|Any CPU
		Release|Any CPU = Release|Any CPU
	EndGlobalSection
	GlobalSection(ProjectConfigurationPlatforms) = postSolution
		{4BC532F1-4631-4079-9D28-B164E3B333E5}.Debug|Any CPU.ActiveCfg = Debug|Any CPU
		{4BC532F1-4631-4079-9D28-B164E3B333E5}.Debug|Any CPU.Build.0 = Debug|Any CPU
		{4BC532F1-4631-4079-9D28-B164E3B333E5}.Release|Any CPU.ActiveCfg = Release|Any CPU
		{4BC532F1-4631-4079-9D28-B164E3B333E5}.Release|Any CPU.Build.0 = Release|Any CPU
	EndGlobalSection
EndGlobal
