
Microsoft Visual Studio Solution File, Format Version 12.00
Project("{FAE04EC0-301F-11D3-BF4B-00C04F79EFBC}") = "1187_TopArea", "1187_TopArea.csproj", "{B4C06E5D-B39C-4532-9E63-C9B36F1A7B08}"
EndProject
Global
	GlobalSection(SolutionConfigurationPlatforms) = preSolution
		Debug|Any CPU = Debug|Any CPU
		Release|Any CPU = Release|Any CPU
	EndGlobalSection
	GlobalSection(ProjectConfigurationPlatforms) = postSolution
		{B4C06E5D-B39C-4532-9E63-C9B36F1A7B08}.Debug|Any CPU.ActiveCfg = Debug|Any CPU
		{B4C06E5D-B39C-4532-9E63-C9B36F1A7B08}.Debug|Any CPU.Build.0 = Debug|Any CPU
		{B4C06E5D-B39C-4532-9E63-C9B36F1A7B08}.Release|Any CPU.ActiveCfg = Release|Any CPU
		{B4C06E5D-B39C-4532-9E63-C9B36F1A7B08}.Release|Any CPU.Build.0 = Release|Any CPU
	EndGlobalSection
EndGlobal
