
Microsoft Visual Studio Solution File, Format Version 12.00
Project("{FAE04EC0-301F-11D3-BF4B-00C04F79EFBC}") = "1172_ArrayReplacementI", "1172_ArrayReplacementI.csproj", "{870005D3-5018-4645-B318-3161C276E8D7}"
EndProject
Global
	GlobalSection(SolutionConfigurationPlatforms) = preSolution
		Debug|Any CPU = Debug|Any CPU
		Release|Any CPU = Release|Any CPU
	EndGlobalSection
	GlobalSection(ProjectConfigurationPlatforms) = postSolution
		{870005D3-5018-4645-B318-3161C276E8D7}.Debug|Any CPU.ActiveCfg = Debug|Any CPU
		{870005D3-5018-4645-B318-3161C276E8D7}.Debug|Any CPU.Build.0 = Debug|Any CPU
		{870005D3-5018-4645-B318-3161C276E8D7}.Release|Any CPU.ActiveCfg = Release|Any CPU
		{870005D3-5018-4645-B318-3161C276E8D7}.Release|Any CPU.Build.0 = Release|Any CPU
	EndGlobalSection
EndGlobal
