
Microsoft Visual Studio Solution File, Format Version 12.00
Project("{FAE04EC0-301F-11D3-BF4B-00C04F79EFBC}") = "2162_PeaksAndValleys", "2162_PeaksAndValleys.csproj", "{7767621A-9499-4074-AA95-D2A468579EAE}"
EndProject
Global
	GlobalSection(SolutionConfigurationPlatforms) = preSolution
		Debug|Any CPU = Debug|Any CPU
		Release|Any CPU = Release|Any CPU
	EndGlobalSection
	GlobalSection(ProjectConfigurationPlatforms) = postSolution
		{7767621A-9499-4074-AA95-D2A468579EAE}.Debug|Any CPU.ActiveCfg = Debug|Any CPU
		{7767621A-9499-4074-AA95-D2A468579EAE}.Debug|Any CPU.Build.0 = Debug|Any CPU
		{7767621A-9499-4074-AA95-D2A468579EAE}.Release|Any CPU.ActiveCfg = Release|Any CPU
		{7767621A-9499-4074-AA95-D2A468579EAE}.Release|Any CPU.Build.0 = Release|Any CPU
	EndGlobalSection
EndGlobal
