
Microsoft Visual Studio Solution File, Format Version 12.00
Project("{FAE04EC0-301F-11D3-BF4B-00C04F79EFBC}") = "2146_Password", "2146_Password.csproj", "{2BF893DB-D94D-4A5C-A276-95B8B1172FCC}"
EndProject
Global
	GlobalSection(SolutionConfigurationPlatforms) = preSolution
		Debug|Any CPU = Debug|Any CPU
		Release|Any CPU = Release|Any CPU
	EndGlobalSection
	GlobalSection(ProjectConfigurationPlatforms) = postSolution
		{2BF893DB-D94D-4A5C-A276-95B8B1172FCC}.Debug|Any CPU.ActiveCfg = Debug|Any CPU
		{2BF893DB-D94D-4A5C-A276-95B8B1172FCC}.Debug|Any CPU.Build.0 = Debug|Any CPU
		{2BF893DB-D94D-4A5C-A276-95B8B1172FCC}.Release|Any CPU.ActiveCfg = Release|Any CPU
		{2BF893DB-D94D-4A5C-A276-95B8B1172FCC}.Release|Any CPU.Build.0 = Release|Any CPU
	EndGlobalSection
EndGlobal
