
Microsoft Visual Studio Solution File, Format Version 12.00
Project("{FAE04EC0-301F-11D3-BF4B-00C04F79EFBC}") = "1924_VitóriaAndHerIndecision", "1924_VitóriaAndHerIndecision.csproj", "{A6E61448-0CCD-43DA-8332-BD9AD4D44EC6}"
EndProject
Global
	GlobalSection(SolutionConfigurationPlatforms) = preSolution
		Debug|Any CPU = Debug|Any CPU
		Release|Any CPU = Release|Any CPU
	EndGlobalSection
	GlobalSection(ProjectConfigurationPlatforms) = postSolution
		{A6E61448-0CCD-43DA-8332-BD9AD4D44EC6}.Debug|Any CPU.ActiveCfg = Debug|Any CPU
		{A6E61448-0CCD-43DA-8332-BD9AD4D44EC6}.Debug|Any CPU.Build.0 = Debug|Any CPU
		{A6E61448-0CCD-43DA-8332-BD9AD4D44EC6}.Release|Any CPU.ActiveCfg = Release|Any CPU
		{A6E61448-0CCD-43DA-8332-BD9AD4D44EC6}.Release|Any CPU.Build.0 = Release|Any CPU
	EndGlobalSection
EndGlobal
