
Microsoft Visual Studio Solution File, Format Version 12.00
Project("{FAE04EC0-301F-11D3-BF4B-00C04F79EFBC}") = "2724_HelpPatatatitu", "2724_HelpPatatatitu.csproj", "{D9FC8B87-E1F0-45DD-AA2D-635285F70A44}"
EndProject
Global
	GlobalSection(SolutionConfigurationPlatforms) = preSolution
		Debug|Any CPU = Debug|Any CPU
		Release|Any CPU = Release|Any CPU
	EndGlobalSection
	GlobalSection(ProjectConfigurationPlatforms) = postSolution
		{D9FC8B87-E1F0-45DD-AA2D-635285F70A44}.Debug|Any CPU.ActiveCfg = Debug|Any CPU
		{D9FC8B87-E1F0-45DD-AA2D-635285F70A44}.Debug|Any CPU.Build.0 = Debug|Any CPU
		{D9FC8B87-E1F0-45DD-AA2D-635285F70A44}.Release|Any CPU.ActiveCfg = Release|Any CPU
		{D9FC8B87-E1F0-45DD-AA2D-635285F70A44}.Release|Any CPU.Build.0 = Release|Any CPU
	EndGlobalSection
EndGlobal
