
Microsoft Visual Studio Solution File, Format Version 12.00
Project("{FAE04EC0-301F-11D3-BF4B-00C04F79EFBC}") = "2311_Diving", "2311_Diving.csproj", "{4E32E02B-8D61-4F6E-A6EB-CA2A2FC264AD}"
EndProject
Global
	GlobalSection(SolutionConfigurationPlatforms) = preSolution
		Debug|Any CPU = Debug|Any CPU
		Release|Any CPU = Release|Any CPU
	EndGlobalSection
	GlobalSection(ProjectConfigurationPlatforms) = postSolution
		{4E32E02B-8D61-4F6E-A6EB-CA2A2FC264AD}.Debug|Any CPU.ActiveCfg = Debug|Any CPU
		{4E32E02B-8D61-4F6E-A6EB-CA2A2FC264AD}.Debug|Any CPU.Build.0 = Debug|Any CPU
		{4E32E02B-8D61-4F6E-A6EB-CA2A2FC264AD}.Release|Any CPU.ActiveCfg = Release|Any CPU
		{4E32E02B-8D61-4F6E-A6EB-CA2A2FC264AD}.Release|Any CPU.Build.0 = Release|Any CPU
	EndGlobalSection
EndGlobal
