
Microsoft Visual Studio Solution File, Format Version 12.00
Project("{FAE04EC0-301F-11D3-BF4B-00C04F79EFBC}") = "1175_ArrayChangeI", "1175_ArrayChangeI.csproj", "{A28CD1AB-BE1E-459E-B736-E5773EFB90AB}"
EndProject
Global
	GlobalSection(SolutionConfigurationPlatforms) = preSolution
		Debug|Any CPU = Debug|Any CPU
		Release|Any CPU = Release|Any CPU
	EndGlobalSection
	GlobalSection(ProjectConfigurationPlatforms) = postSolution
		{A28CD1AB-BE1E-459E-B736-E5773EFB90AB}.Debug|Any CPU.ActiveCfg = Debug|Any CPU
		{A28CD1AB-BE1E-459E-B736-E5773EFB90AB}.Debug|Any CPU.Build.0 = Debug|Any CPU
		{A28CD1AB-BE1E-459E-B736-E5773EFB90AB}.Release|Any CPU.ActiveCfg = Release|Any CPU
		{A28CD1AB-BE1E-459E-B736-E5773EFB90AB}.Release|Any CPU.Build.0 = Release|Any CPU
	EndGlobalSection
EndGlobal
