
Microsoft Visual Studio Solution File, Format Version 12.00
Project("{FAE04EC0-301F-11D3-BF4B-00C04F79EFBC}") = "2552_CheeseBreadSweeper", "2552_CheeseBreadSweeper.csproj", "{4453B428-2E89-4320-A310-A0A97BB90B9C}"
EndProject
Global
	GlobalSection(SolutionConfigurationPlatforms) = preSolution
		Debug|Any CPU = Debug|Any CPU
		Release|Any CPU = Release|Any CPU
	EndGlobalSection
	GlobalSection(ProjectConfigurationPlatforms) = postSolution
		{4453B428-2E89-4320-A310-A0A97BB90B9C}.Debug|Any CPU.ActiveCfg = Debug|Any CPU
		{4453B428-2E89-4320-A310-A0A97BB90B9C}.Debug|Any CPU.Build.0 = Debug|Any CPU
		{4453B428-2E89-4320-A310-A0A97BB90B9C}.Release|Any CPU.ActiveCfg = Release|Any CPU
		{4453B428-2E89-4320-A310-A0A97BB90B9C}.Release|Any CPU.Build.0 = Release|Any CPU
	EndGlobalSection
EndGlobal
