
Microsoft Visual Studio Solution File, Format Version 12.00
Project("{FAE04EC0-301F-11D3-BF4B-00C04F79EFBC}") = "1014_Consumption", "1014_Consumption.csproj", "{F51EF55C-EB4F-4EE7-9158-F912F61D022B}"
EndProject
Global
	GlobalSection(SolutionConfigurationPlatforms) = preSolution
		Debug|Any CPU = Debug|Any CPU
		Release|Any CPU = Release|Any CPU
	EndGlobalSection
	GlobalSection(ProjectConfigurationPlatforms) = postSolution
		{F51EF55C-EB4F-4EE7-9158-F912F61D022B}.Debug|Any CPU.ActiveCfg = Debug|Any CPU
		{F51EF55C-EB4F-4EE7-9158-F912F61D022B}.Debug|Any CPU.Build.0 = Debug|Any CPU
		{F51EF55C-EB4F-4EE7-9158-F912F61D022B}.Release|Any CPU.ActiveCfg = Release|Any CPU
		{F51EF55C-EB4F-4EE7-9158-F912F61D022B}.Release|Any CPU.Build.0 = Release|Any CPU
	EndGlobalSection
EndGlobal
