
Microsoft Visual Studio Solution File, Format Version 12.00
Project("{FAE04EC0-301F-11D3-BF4B-00C04F79EFBC}") = "1837_Preface", "1837_Preface.csproj", "{848B829E-D864-4968-AFC8-A6B96ABBE19B}"
EndProject
Global
	GlobalSection(SolutionConfigurationPlatforms) = preSolution
		Debug|Any CPU = Debug|Any CPU
		Release|Any CPU = Release|Any CPU
	EndGlobalSection
	GlobalSection(ProjectConfigurationPlatforms) = postSolution
		{848B829E-D864-4968-AFC8-A6B96ABBE19B}.Debug|Any CPU.ActiveCfg = Debug|Any CPU
		{848B829E-D864-4968-AFC8-A6B96ABBE19B}.Debug|Any CPU.Build.0 = Debug|Any CPU
		{848B829E-D864-4968-AFC8-A6B96ABBE19B}.Release|Any CPU.ActiveCfg = Release|Any CPU
		{848B829E-D864-4968-AFC8-A6B96ABBE19B}.Release|Any CPU.Build.0 = Release|Any CPU
	EndGlobalSection
EndGlobal
