
Microsoft Visual Studio Solution File, Format Version 12.00
Project("{FAE04EC0-301F-11D3-BF4B-00C04F79EFBC}") = "1043_Triangle", "1043_Triangle.csproj", "{B90B2064-CD5B-4CA9-9F4B-54AD8983EAE4}"
EndProject
Global
	GlobalSection(SolutionConfigurationPlatforms) = preSolution
		Debug|Any CPU = Debug|Any CPU
		Release|Any CPU = Release|Any CPU
	EndGlobalSection
	GlobalSection(ProjectConfigurationPlatforms) = postSolution
		{B90B2064-CD5B-4CA9-9F4B-54AD8983EAE4}.Debug|Any CPU.ActiveCfg = Debug|Any CPU
		{B90B2064-CD5B-4CA9-9F4B-54AD8983EAE4}.Debug|Any CPU.Build.0 = Debug|Any CPU
		{B90B2064-CD5B-4CA9-9F4B-54AD8983EAE4}.Release|Any CPU.ActiveCfg = Release|Any CPU
		{B90B2064-CD5B-4CA9-9F4B-54AD8983EAE4}.Release|Any CPU.Build.0 = Release|Any CPU
	EndGlobalSection
EndGlobal
