
Microsoft Visual Studio Solution File, Format Version 12.00
Project("{FAE04EC0-301F-11D3-BF4B-00C04F79EFBC}") = "2547_RollerCoaster", "2547_RollerCoaster.csproj", "{0BA6D26E-1381-42F8-8D34-B3D6A9F4DD4E}"
EndProject
Global
	GlobalSection(SolutionConfigurationPlatforms) = preSolution
		Debug|Any CPU = Debug|Any CPU
		Release|Any CPU = Release|Any CPU
	EndGlobalSection
	GlobalSection(ProjectConfigurationPlatforms) = postSolution
		{0BA6D26E-1381-42F8-8D34-B3D6A9F4DD4E}.Debug|Any CPU.ActiveCfg = Debug|Any CPU
		{0BA6D26E-1381-42F8-8D34-B3D6A9F4DD4E}.Debug|Any CPU.Build.0 = Debug|Any CPU
		{0BA6D26E-1381-42F8-8D34-B3D6A9F4DD4E}.Release|Any CPU.ActiveCfg = Release|Any CPU
		{0BA6D26E-1381-42F8-8D34-B3D6A9F4DD4E}.Release|Any CPU.Build.0 = Release|Any CPU
	EndGlobalSection
EndGlobal
