
Microsoft Visual Studio Solution File, Format Version 12.00
Project("{FAE04EC0-301F-11D3-BF4B-00C04F79EFBC}") = "1961_JumpingFrog", "1961_JumpingFrog.csproj", "{290E6F8E-F081-4202-B036-46C4FD575160}"
EndProject
Global
	GlobalSection(SolutionConfigurationPlatforms) = preSolution
		Debug|Any CPU = Debug|Any CPU
		Release|Any CPU = Release|Any CPU
	EndGlobalSection
	GlobalSection(ProjectConfigurationPlatforms) = postSolution
		{290E6F8E-F081-4202-B036-46C4FD575160}.Debug|Any CPU.ActiveCfg = Debug|Any CPU
		{290E6F8E-F081-4202-B036-46C4FD575160}.Debug|Any CPU.Build.0 = Debug|Any CPU
		{290E6F8E-F081-4202-B036-46C4FD575160}.Release|Any CPU.ActiveCfg = Release|Any CPU
		{290E6F8E-F081-4202-B036-46C4FD575160}.Release|Any CPU.Build.0 = Release|Any CPU
	EndGlobalSection
EndGlobal
