
Microsoft Visual Studio Solution File, Format Version 12.00
Project("{FAE04EC0-301F-11D3-BF4B-00C04F79EFBC}") = "1078_MultiplicationTable", "1078_MultiplicationTable.csproj", "{FE2FB4D3-3BB9-4613-AC7F-0AF9E703B089}"
EndProject
Global
	GlobalSection(SolutionConfigurationPlatforms) = preSolution
		Debug|Any CPU = Debug|Any CPU
		Release|Any CPU = Release|Any CPU
	EndGlobalSection
	GlobalSection(ProjectConfigurationPlatforms) = postSolution
		{FE2FB4D3-3BB9-4613-AC7F-0AF9E703B089}.Debug|Any CPU.ActiveCfg = Debug|Any CPU
		{FE2FB4D3-3BB9-4613-AC7F-0AF9E703B089}.Debug|Any CPU.Build.0 = Debug|Any CPU
		{FE2FB4D3-3BB9-4613-AC7F-0AF9E703B089}.Release|Any CPU.ActiveCfg = Release|Any CPU
		{FE2FB4D3-3BB9-4613-AC7F-0AF9E703B089}.Release|Any CPU.Build.0 = Release|Any CPU
	EndGlobalSection
EndGlobal
