
Microsoft Visual Studio Solution File, Format Version 12.00
Project("{FAE04EC0-301F-11D3-BF4B-00C04F79EFBC}") = "1050_DDD", "1050_DDD.csproj", "{B6B63BB0-370D-4A7E-AACA-C520289A75A7}"
EndProject
Global
	GlobalSection(SolutionConfigurationPlatforms) = preSolution
		Debug|Any CPU = Debug|Any CPU
		Release|Any CPU = Release|Any CPU
	EndGlobalSection
	GlobalSection(ProjectConfigurationPlatforms) = postSolution
		{B6B63BB0-370D-4A7E-AACA-C520289A75A7}.Debug|Any CPU.ActiveCfg = Debug|Any CPU
		{B6B63BB0-370D-4A7E-AACA-C520289A75A7}.Debug|Any CPU.Build.0 = Debug|Any CPU
		{B6B63BB0-370D-4A7E-AACA-C520289A75A7}.Release|Any CPU.ActiveCfg = Release|Any CPU
		{B6B63BB0-370D-4A7E-AACA-C520289A75A7}.Release|Any CPU.Build.0 = Release|Any CPU
	EndGlobalSection
EndGlobal
