
Microsoft Visual Studio Solution File, Format Version 12.00
Project("{FAE04EC0-301F-11D3-BF4B-00C04F79EFBC}") = "1007_Difference", "1007_Difference.csproj", "{96F1C8D9-A771-499A-8C92-02B95D26F783}"
EndProject
Global
	GlobalSection(SolutionConfigurationPlatforms) = preSolution
		Debug|Any CPU = Debug|Any CPU
		Release|Any CPU = Release|Any CPU
	EndGlobalSection
	GlobalSection(ProjectConfigurationPlatforms) = postSolution
		{96F1C8D9-A771-499A-8C92-02B95D26F783}.Debug|Any CPU.ActiveCfg = Debug|Any CPU
		{96F1C8D9-A771-499A-8C92-02B95D26F783}.Debug|Any CPU.Build.0 = Debug|Any CPU
		{96F1C8D9-A771-499A-8C92-02B95D26F783}.Release|Any CPU.ActiveCfg = Release|Any CPU
		{96F1C8D9-A771-499A-8C92-02B95D26F783}.Release|Any CPU.Build.0 = Release|Any CPU
	EndGlobalSection
EndGlobal
