
Microsoft Visual Studio Solution File, Format Version 12.00
Project("{FAE04EC0-301F-11D3-BF4B-00C04F79EFBC}") = "2708_TouristsInTheHuacachinaPark", "2708_TouristsInTheHuacachinaPark.csproj", "{1D85A7F1-443A-4F74-99CF-0B30D03DC87B}"
EndProject
Global
	GlobalSection(SolutionConfigurationPlatforms) = preSolution
		Debug|Any CPU = Debug|Any CPU
		Release|Any CPU = Release|Any CPU
	EndGlobalSection
	GlobalSection(ProjectConfigurationPlatforms) = postSolution
		{1D85A7F1-443A-4F74-99CF-0B30D03DC87B}.Debug|Any CPU.ActiveCfg = Debug|Any CPU
		{1D85A7F1-443A-4F74-99CF-0B30D03DC87B}.Debug|Any CPU.Build.0 = Debug|Any CPU
		{1D85A7F1-443A-4F74-99CF-0B30D03DC87B}.Release|Any CPU.ActiveCfg = Release|Any CPU
		{1D85A7F1-443A-4F74-99CF-0B30D03DC87B}.Release|Any CPU.Build.0 = Release|Any CPU
	EndGlobalSection
EndGlobal
