
Microsoft Visual Studio Solution File, Format Version 12.00
Project("{FAE04EC0-301F-11D3-BF4B-00C04F79EFBC}") = "2143_TheReturnOfRadar", "2143_TheReturnOfRadar.csproj", "{305503A5-D357-4963-B94B-AB6ECCCF6C51}"
EndProject
Global
	GlobalSection(SolutionConfigurationPlatforms) = preSolution
		Debug|Any CPU = Debug|Any CPU
		Release|Any CPU = Release|Any CPU
	EndGlobalSection
	GlobalSection(ProjectConfigurationPlatforms) = postSolution
		{305503A5-D357-4963-B94B-AB6ECCCF6C51}.Debug|Any CPU.ActiveCfg = Debug|Any CPU
		{305503A5-D357-4963-B94B-AB6ECCCF6C51}.Debug|Any CPU.Build.0 = Debug|Any CPU
		{305503A5-D357-4963-B94B-AB6ECCCF6C51}.Release|Any CPU.ActiveCfg = Release|Any CPU
		{305503A5-D357-4963-B94B-AB6ECCCF6C51}.Release|Any CPU.Build.0 = Release|Any CPU
	EndGlobalSection
EndGlobal
