
Microsoft Visual Studio Solution File, Format Version 12.00
Project("{FAE04EC0-301F-11D3-BF4B-00C04F79EFBC}") = "2344_NotasDaProva", "2344_NotasDaProva.csproj", "{4797CE33-8DD5-4AD6-B3F4-B6A5970F05A6}"
EndProject
Global
	GlobalSection(SolutionConfigurationPlatforms) = preSolution
		Debug|Any CPU = Debug|Any CPU
		Release|Any CPU = Release|Any CPU
	EndGlobalSection
	GlobalSection(ProjectConfigurationPlatforms) = postSolution
		{4797CE33-8DD5-4AD6-B3F4-B6A5970F05A6}.Debug|Any CPU.ActiveCfg = Debug|Any CPU
		{4797CE33-8DD5-4AD6-B3F4-B6A5970F05A6}.Debug|Any CPU.Build.0 = Debug|Any CPU
		{4797CE33-8DD5-4AD6-B3F4-B6A5970F05A6}.Release|Any CPU.ActiveCfg = Release|Any CPU
		{4797CE33-8DD5-4AD6-B3F4-B6A5970F05A6}.Release|Any CPU.Build.0 = Release|Any CPU
	EndGlobalSection
EndGlobal
