
Microsoft Visual Studio Solution File, Format Version 12.00
Project("{FAE04EC0-301F-11D3-BF4B-00C04F79EFBC}") = "2543_UFPRGaming", "2543_UFPRGaming.csproj", "{2A54B924-6F54-4F2C-A746-0CE30BF0696F}"
EndProject
Global
	GlobalSection(SolutionConfigurationPlatforms) = preSolution
		Debug|Any CPU = Debug|Any CPU
		Release|Any CPU = Release|Any CPU
	EndGlobalSection
	GlobalSection(ProjectConfigurationPlatforms) = postSolution
		{2A54B924-6F54-4F2C-A746-0CE30BF0696F}.Debug|Any CPU.ActiveCfg = Debug|Any CPU
		{2A54B924-6F54-4F2C-A746-0CE30BF0696F}.Debug|Any CPU.Build.0 = Debug|Any CPU
		{2A54B924-6F54-4F2C-A746-0CE30BF0696F}.Release|Any CPU.ActiveCfg = Release|Any CPU
		{2A54B924-6F54-4F2C-A746-0CE30BF0696F}.Release|Any CPU.Build.0 = Release|Any CPU
	EndGlobalSection
EndGlobal
