
Microsoft Visual Studio Solution File, Format Version 12.00
Project("{FAE04EC0-301F-11D3-BF4B-00C04F79EFBC}") = "1156_SSequenceII", "1156_SSequenceII.csproj", "{D34A0BA3-F765-45B7-BEB5-28ED4C2CE88C}"
EndProject
Global
	GlobalSection(SolutionConfigurationPlatforms) = preSolution
		Debug|Any CPU = Debug|Any CPU
		Release|Any CPU = Release|Any CPU
	EndGlobalSection
	GlobalSection(ProjectConfigurationPlatforms) = postSolution
		{D34A0BA3-F765-45B7-BEB5-28ED4C2CE88C}.Debug|Any CPU.ActiveCfg = Debug|Any CPU
		{D34A0BA3-F765-45B7-BEB5-28ED4C2CE88C}.Debug|Any CPU.Build.0 = Debug|Any CPU
		{D34A0BA3-F765-45B7-BEB5-28ED4C2CE88C}.Release|Any CPU.ActiveCfg = Release|Any CPU
		{D34A0BA3-F765-45B7-BEB5-28ED4C2CE88C}.Release|Any CPU.Build.0 = Release|Any CPU
	EndGlobalSection
EndGlobal
